
Microsoft Visual Studio Solution File, Format Version 12.00
# Visual Studio Version 17
VisualStudioVersion = 17.1.32210.238
MinimumVisualStudioVersion = 10.0.40219.1
Project("{FAE04EC0-301F-11D3-BF4B-00C04F79EFBC}") = "ArtsDonutShop", "ArtsDonutShop.csproj", "{2CB6116D-3480-47E9-91CB-FAE1D8AAAC0E}"
EndProject
Global
	GlobalSection(SolutionConfigurationPlatforms) = preSolution
		Debug|Any CPU = Debug|Any CPU
		Release|Any CPU = Release|Any CPU
	EndGlobalSection
	GlobalSection(ProjectConfigurationPlatforms) = postSolution
		{2CB6116D-3480-47E9-91CB-FAE1D8AAAC0E}.Debug|Any CPU.ActiveCfg = Debug|Any CPU
		{2CB6116D-3480-47E9-91CB-FAE1D8AAAC0E}.Debug|Any CPU.Build.0 = Debug|Any CPU
		{2CB6116D-3480-47E9-91CB-FAE1D8AAAC0E}.Release|Any CPU.ActiveCfg = Release|Any CPU
		{2CB6116D-3480-47E9-91CB-FAE1D8AAAC0E}.Release|Any CPU.Build.0 = Release|Any CPU
	EndGlobalSection
	GlobalSection(SolutionProperties) = preSolution
		HideSolutionNode = FALSE
	EndGlobalSection
	GlobalSection(ExtensibilityGlobals) = postSolution
		SolutionGuid = {251D5F49-BBEF-4E45-843A-863BBE538B54}
	EndGlobalSection
EndGlobal
